
Microsoft Visual Studio Solution File, Format Version 11.00
# Visual Studio 2010
Project("{8BC9CEB8-8B4A-11D0-8D11-00A0C91BC942}") = "CustWin32", "Source\DLL\Custom\Win32\CustWin32.vcxproj", "{146D5368-922A-46AB-8EB7-4DE9D15F17C6}"
EndProject
Project("{8BC9CEB8-8B4A-11D0-8D11-00A0C91BC942}") = "BYD", "Source\DLL\Custom\BYD\BYD.vcxproj", "{C65084D7-95C5-4BA9-9035-2E1B28FDC4F7}"
EndProject
Project("{8BC9CEB8-8B4A-11D0-8D11-00A0C91BC942}") = "LGIT", "Source\DLL\Custom\LGIT\LGIT.vcxproj", "{69E5EB77-9DAB-49ED-AFCC-DD95E1206876}"
EndProject
Project("{8BC9CEB8-8B4A-11D0-8D11-00A0C91BC942}") = "DiDi", "Source\DLL\Custom\DiDi\DiDi.vcxproj", "{42D6E5EC-381A-44E8-855E-AE92AC48D233}"
EndProject
Project("{8BC9CEB8-8B4A-11D0-8D11-00A0C91BC942}") = "Longsung", "Source\DLL\Custom\Longsung\Longsung.vcxproj", "{4DB8B62A-6A3D-4367-9D8E-8D5BCDE04655}"
EndProject
Project("{8BC9CEB8-8B4A-11D0-8D11-00A0C91BC942}") = "Tinno", "Source\DLL\Custom\Tinno\Tinno.vcxproj", "{A8D852D8-CE49-499C-8D4C-8C87905A9BE0}"
EndProject
Project("{8BC9CEB8-8B4A-11D0-8D11-00A0C91BC942}") = "Customize", "Source\DLL\Custom\Customize\Customize.vcxproj", "{B09A5319-BAC6-4693-8AB1-E155156CA196}"
EndProject
Project("{8BC9CEB8-8B4A-11D0-8D11-00A0C91BC942}") = "TCL", "Source\DLL\Custom\TCL\TCL.vcxproj", "{496C3036-19B4-41CC-83F2-94B142D164E4}"
EndProject
Project("{8BC9CEB8-8B4A-11D0-8D11-00A0C91BC942}") = "Innovatech", "Source\DLL\Custom\Innovatech\Innovatech.vcxproj", "{4570D955-4851-4355-9098-31AB392AD34E}"
EndProject
Project("{8BC9CEB8-8B4A-11D0-8D11-00A0C91BC942}") = "XR", "Source\DLL\Custom\XR\XR.vcxproj", "{C7595DBC-EA73-4C88-ADB9-2A1B90808786}"
EndProject
Project("{2150E333-8FDC-42A3-9474-1A3956D46DE8}") = "Template", "Template", "{F218FE0F-10D5-4917-8573-0DC92B26920B}"
EndProject
Project("{8BC9CEB8-8B4A-11D0-8D11-00A0C91BC942}") = "CustMFC", "Source\DLL\Custom\MFC\CustMFC.vcxproj", "{D19BCC7F-A13E-4B80-A499-F6AEC22F47F8}"
EndProject
Project("{8BC9CEB8-8B4A-11D0-8D11-00A0C91BC942}") = "BackupCustNV", "Source\DLL\Custom\BackupCustNv\BackupCustNV.vcxproj", "{BDB2084D-A99F-49A8-A8CC-5DF29AD4CD46}"
EndProject
Project("{8BC9CEB8-8B4A-11D0-8D11-00A0C91BC942}") = "CustMisdata", "Source\DLL\Custom\CustMisdata\CustMisdata.vcxproj", "{FD0FE462-7BD5-405E-A357-C321CDF23DE1}"
EndProject
Project("{8BC9CEB8-8B4A-11D0-8D11-00A0C91BC942}") = "Kido", "Source\DLL\Custom\Kido\Kido.vcxproj", "{B3A11D3E-934E-4F29-8B80-B70F5E356937}"
EndProject
Project("{8BC9CEB8-8B4A-11D0-8D11-00A0C91BC942}") = "WaterWorld", "Source\DLL\Custom\WaterWorld\WaterWorld.vcxproj", "{00715A11-8DFF-42BA-9595-6433E60C61F8}"
EndProject
Project("{8BC9CEB8-8B4A-11D0-8D11-00A0C91BC942}") = "Xiaoxun", "Source\DLL\Custom\xiaoxun\Xiaoxun.vcxproj", "{1F91B377-E5E2-4605-B5A8-662867EE5FD7}"
EndProject
Global
	GlobalSection(SolutionConfigurationPlatforms) = preSolution
		Debug|Win32 = Debug|Win32
		Release|Win32 = Release|Win32
	EndGlobalSection
	GlobalSection(ProjectConfigurationPlatforms) = postSolution
		{146D5368-922A-46AB-8EB7-4DE9D15F17C6}.Debug|Win32.ActiveCfg = Debug|Win32
		{146D5368-922A-46AB-8EB7-4DE9D15F17C6}.Debug|Win32.Build.0 = Debug|Win32
		{146D5368-922A-46AB-8EB7-4DE9D15F17C6}.Release|Win32.ActiveCfg = Release|Win32
		{146D5368-922A-46AB-8EB7-4DE9D15F17C6}.Release|Win32.Build.0 = Release|Win32
		{C65084D7-95C5-4BA9-9035-2E1B28FDC4F7}.Debug|Win32.ActiveCfg = Debug|Win32
		{C65084D7-95C5-4BA9-9035-2E1B28FDC4F7}.Debug|Win32.Build.0 = Debug|Win32
		{C65084D7-95C5-4BA9-9035-2E1B28FDC4F7}.Release|Win32.ActiveCfg = Release|Win32
		{C65084D7-95C5-4BA9-9035-2E1B28FDC4F7}.Release|Win32.Build.0 = Release|Win32
		{69E5EB77-9DAB-49ED-AFCC-DD95E1206876}.Debug|Win32.ActiveCfg = Debug|Win32
		{69E5EB77-9DAB-49ED-AFCC-DD95E1206876}.Debug|Win32.Build.0 = Debug|Win32
		{69E5EB77-9DAB-49ED-AFCC-DD95E1206876}.Release|Win32.ActiveCfg = Release|Win32
		{69E5EB77-9DAB-49ED-AFCC-DD95E1206876}.Release|Win32.Build.0 = Release|Win32
		{42D6E5EC-381A-44E8-855E-AE92AC48D233}.Debug|Win32.ActiveCfg = Debug|Win32
		{42D6E5EC-381A-44E8-855E-AE92AC48D233}.Debug|Win32.Build.0 = Debug|Win32
		{42D6E5EC-381A-44E8-855E-AE92AC48D233}.Release|Win32.ActiveCfg = Release|Win32
		{42D6E5EC-381A-44E8-855E-AE92AC48D233}.Release|Win32.Build.0 = Release|Win32
		{4DB8B62A-6A3D-4367-9D8E-8D5BCDE04655}.Debug|Win32.ActiveCfg = Debug|Win32
		{4DB8B62A-6A3D-4367-9D8E-8D5BCDE04655}.Debug|Win32.Build.0 = Debug|Win32
		{4DB8B62A-6A3D-4367-9D8E-8D5BCDE04655}.Release|Win32.ActiveCfg = Release|Win32
		{4DB8B62A-6A3D-4367-9D8E-8D5BCDE04655}.Release|Win32.Build.0 = Release|Win32
		{A8D852D8-CE49-499C-8D4C-8C87905A9BE0}.Debug|Win32.ActiveCfg = Debug|Win32
		{A8D852D8-CE49-499C-8D4C-8C87905A9BE0}.Debug|Win32.Build.0 = Debug|Win32
		{A8D852D8-CE49-499C-8D4C-8C87905A9BE0}.Release|Win32.ActiveCfg = Release|Win32
		{A8D852D8-CE49-499C-8D4C-8C87905A9BE0}.Release|Win32.Build.0 = Release|Win32
		{B09A5319-BAC6-4693-8AB1-E155156CA196}.Debug|Win32.ActiveCfg = Debug|Win32
		{B09A5319-BAC6-4693-8AB1-E155156CA196}.Debug|Win32.Build.0 = Debug|Win32
		{B09A5319-BAC6-4693-8AB1-E155156CA196}.Release|Win32.ActiveCfg = Release|Win32
		{B09A5319-BAC6-4693-8AB1-E155156CA196}.Release|Win32.Build.0 = Release|Win32
		{496C3036-19B4-41CC-83F2-94B142D164E4}.Debug|Win32.ActiveCfg = Debug|Win32
		{496C3036-19B4-41CC-83F2-94B142D164E4}.Debug|Win32.Build.0 = Debug|Win32
		{496C3036-19B4-41CC-83F2-94B142D164E4}.Release|Win32.ActiveCfg = Release|Win32
		{496C3036-19B4-41CC-83F2-94B142D164E4}.Release|Win32.Build.0 = Release|Win32
		{4570D955-4851-4355-9098-31AB392AD34E}.Debug|Win32.ActiveCfg = Debug|Win32
		{4570D955-4851-4355-9098-31AB392AD34E}.Debug|Win32.Build.0 = Debug|Win32
		{4570D955-4851-4355-9098-31AB392AD34E}.Release|Win32.ActiveCfg = Release|Win32
		{4570D955-4851-4355-9098-31AB392AD34E}.Release|Win32.Build.0 = Release|Win32
		{C7595DBC-EA73-4C88-ADB9-2A1B90808786}.Debug|Win32.ActiveCfg = Debug|Win32
		{C7595DBC-EA73-4C88-ADB9-2A1B90808786}.Debug|Win32.Build.0 = Debug|Win32
		{C7595DBC-EA73-4C88-ADB9-2A1B90808786}.Release|Win32.ActiveCfg = Release|Win32
		{C7595DBC-EA73-4C88-ADB9-2A1B90808786}.Release|Win32.Build.0 = Release|Win32
		{D19BCC7F-A13E-4B80-A499-F6AEC22F47F8}.Debug|Win32.ActiveCfg = Debug|Win32
		{D19BCC7F-A13E-4B80-A499-F6AEC22F47F8}.Debug|Win32.Build.0 = Debug|Win32
		{D19BCC7F-A13E-4B80-A499-F6AEC22F47F8}.Release|Win32.ActiveCfg = Release|Win32
		{D19BCC7F-A13E-4B80-A499-F6AEC22F47F8}.Release|Win32.Build.0 = Release|Win32
		{BDB2084D-A99F-49A8-A8CC-5DF29AD4CD46}.Debug|Win32.ActiveCfg = Debug|Win32
		{BDB2084D-A99F-49A8-A8CC-5DF29AD4CD46}.Debug|Win32.Build.0 = Debug|Win32
		{BDB2084D-A99F-49A8-A8CC-5DF29AD4CD46}.Release|Win32.ActiveCfg = Release|Win32
		{BDB2084D-A99F-49A8-A8CC-5DF29AD4CD46}.Release|Win32.Build.0 = Release|Win32
		{FD0FE462-7BD5-405E-A357-C321CDF23DE1}.Debug|Win32.ActiveCfg = Debug|Win32
		{FD0FE462-7BD5-405E-A357-C321CDF23DE1}.Debug|Win32.Build.0 = Debug|Win32
		{FD0FE462-7BD5-405E-A357-C321CDF23DE1}.Release|Win32.ActiveCfg = Release|Win32
		{FD0FE462-7BD5-405E-A357-C321CDF23DE1}.Release|Win32.Build.0 = Release|Win32
		{B3A11D3E-934E-4F29-8B80-B70F5E356937}.Debug|Win32.ActiveCfg = Debug|Win32
		{B3A11D3E-934E-4F29-8B80-B70F5E356937}.Debug|Win32.Build.0 = Debug|Win32
		{B3A11D3E-934E-4F29-8B80-B70F5E356937}.Release|Win32.ActiveCfg = Release|Win32
		{B3A11D3E-934E-4F29-8B80-B70F5E356937}.Release|Win32.Build.0 = Release|Win32
		{00715A11-8DFF-42BA-9595-6433E60C61F8}.Debug|Win32.ActiveCfg = Debug|Win32
		{00715A11-8DFF-42BA-9595-6433E60C61F8}.Debug|Win32.Build.0 = Debug|Win32
		{00715A11-8DFF-42BA-9595-6433E60C61F8}.Release|Win32.ActiveCfg = Release|Win32
		{00715A11-8DFF-42BA-9595-6433E60C61F8}.Release|Win32.Build.0 = Release|Win32
		{1F91B377-E5E2-4605-B5A8-662867EE5FD7}.Debug|Win32.ActiveCfg = Debug|Win32
		{1F91B377-E5E2-4605-B5A8-662867EE5FD7}.Debug|Win32.Build.0 = Debug|Win32
		{1F91B377-E5E2-4605-B5A8-662867EE5FD7}.Release|Win32.ActiveCfg = Release|Win32
		{1F91B377-E5E2-4605-B5A8-662867EE5FD7}.Release|Win32.Build.0 = Release|Win32
	EndGlobalSection
	GlobalSection(SolutionProperties) = preSolution
		HideSolutionNode = FALSE
	EndGlobalSection
	GlobalSection(NestedProjects) = preSolution
		{146D5368-922A-46AB-8EB7-4DE9D15F17C6} = {F218FE0F-10D5-4917-8573-0DC92B26920B}
		{D19BCC7F-A13E-4B80-A499-F6AEC22F47F8} = {F218FE0F-10D5-4917-8573-0DC92B26920B}
	EndGlobalSection
EndGlobal
